
Microsoft Visual Studio Solution File, Format Version 12.00
# Visual Studio Version 17
VisualStudioVersion = 17.9.34607.119
MinimumVisualStudioVersion = 10.0.40219.1
Project("{9A19103F-16F7-4668-BE54-9A1E7A4F7556}") = "EbaPizzaria.Domain", "EbaPizzaria.Domain\EbaPizzaria.Domain.csproj", "{13F9F08A-19D7-4AF8-B485-3B7E1D818F66}"
EndProject
Project("{9A19103F-16F7-4668-BE54-9A1E7A4F7556}") = "EbaPizzaria.Infra.Data", "EbaPizzaria.Infra.Data\EbaPizzaria.Infra.Data.csproj", "{8924B93A-D9C6-4757-985B-672DB9BCD08E}"
EndProject
Project("{9A19103F-16F7-4668-BE54-9A1E7A4F7556}") = "EbaPizzaria.Infra.Ioc", "EbaPizzaria.Infra.Ioc\EbaPizzaria.Infra.Ioc.csproj", "{608C5E02-A4DF-4300-B8DB-81F773B1B81C}"
EndProject
Project("{9A19103F-16F7-4668-BE54-9A1E7A4F7556}") = "EbaPizzaria.Application", "EbaPizzaria.Application\EbaPizzaria.Application.csproj", "{B5573BA6-A9B5-47E5-8BFF-9305700DD5EE}"
EndProject
Project("{9A19103F-16F7-4668-BE54-9A1E7A4F7556}") = "EbaPizzaria.API", "EbaPizzaria.API\EbaPizzaria.API.csproj", "{45B45A1E-B53D-4BF9-9A23-879C4D114753}"
EndProject
Global
	GlobalSection(SolutionConfigurationPlatforms) = preSolution
		Debug|Any CPU = Debug|Any CPU
		Release|Any CPU = Release|Any CPU
	EndGlobalSection
	GlobalSection(ProjectConfigurationPlatforms) = postSolution
		{13F9F08A-19D7-4AF8-B485-3B7E1D818F66}.Debug|Any CPU.ActiveCfg = Debug|Any CPU
		{13F9F08A-19D7-4AF8-B485-3B7E1D818F66}.Debug|Any CPU.Build.0 = Debug|Any CPU
		{13F9F08A-19D7-4AF8-B485-3B7E1D818F66}.Release|Any CPU.ActiveCfg = Release|Any CPU
		{13F9F08A-19D7-4AF8-B485-3B7E1D818F66}.Release|Any CPU.Build.0 = Release|Any CPU
		{8924B93A-D9C6-4757-985B-672DB9BCD08E}.Debug|Any CPU.ActiveCfg = Debug|Any CPU
		{8924B93A-D9C6-4757-985B-672DB9BCD08E}.Debug|Any CPU.Build.0 = Debug|Any CPU
		{8924B93A-D9C6-4757-985B-672DB9BCD08E}.Release|Any CPU.ActiveCfg = Release|Any CPU
		{8924B93A-D9C6-4757-985B-672DB9BCD08E}.Release|Any CPU.Build.0 = Release|Any CPU
		{608C5E02-A4DF-4300-B8DB-81F773B1B81C}.Debug|Any CPU.ActiveCfg = Debug|Any CPU
		{608C5E02-A4DF-4300-B8DB-81F773B1B81C}.Debug|Any CPU.Build.0 = Debug|Any CPU
		{608C5E02-A4DF-4300-B8DB-81F773B1B81C}.Release|Any CPU.ActiveCfg = Release|Any CPU
		{608C5E02-A4DF-4300-B8DB-81F773B1B81C}.Release|Any CPU.Build.0 = Release|Any CPU
		{B5573BA6-A9B5-47E5-8BFF-9305700DD5EE}.Debug|Any CPU.ActiveCfg = Debug|Any CPU
		{B5573BA6-A9B5-47E5-8BFF-9305700DD5EE}.Debug|Any CPU.Build.0 = Debug|Any CPU
		{B5573BA6-A9B5-47E5-8BFF-9305700DD5EE}.Release|Any CPU.ActiveCfg = Release|Any CPU
		{B5573BA6-A9B5-47E5-8BFF-9305700DD5EE}.Release|Any CPU.Build.0 = Release|Any CPU
		{45B45A1E-B53D-4BF9-9A23-879C4D114753}.Debug|Any CPU.ActiveCfg = Debug|Any CPU
		{45B45A1E-B53D-4BF9-9A23-879C4D114753}.Debug|Any CPU.Build.0 = Debug|Any CPU
		{45B45A1E-B53D-4BF9-9A23-879C4D114753}.Release|Any CPU.ActiveCfg = Release|Any CPU
		{45B45A1E-B53D-4BF9-9A23-879C4D114753}.Release|Any CPU.Build.0 = Release|Any CPU
	EndGlobalSection
	GlobalSection(SolutionProperties) = preSolution
		HideSolutionNode = FALSE
	EndGlobalSection
	GlobalSection(ExtensibilityGlobals) = postSolution
		SolutionGuid = {1884A148-E069-4DB3-8CA5-8EDD0C5CBFA9}
	EndGlobalSection
EndGlobal
